# This file is automatically @generated by Poetry 1.8.4 and should not be changed by hand.

[[package]]
name = "arrow"
version = "1.4.0"
description = "Better dates & times for Python"
optional = false
python-versions = ">=3.8"
files = [
    {file = "arrow-1.4.0-py3-none-any.whl", hash = "sha256:749f0769958ebdc79c173ff0b0670d59051a535fa26e8eba02953dc19eb43205"},
    {file = "arrow-1.4.0.tar.gz", hash = "sha256:ed0cc050e98001b8779e84d461b0098c4ac597e88704a655582b21d116e526d7"},
]

[package.dependencies]
python-dateutil = ">=2.7.0"
tzdata = {version = "*", markers = "python_version >= \"3.9\""}

[package.extras]
doc = ["doc8", "sphinx (>=7.0.0)", "sphinx-autobuild", "sphinx-autodoc-typehints", "sphinx_rtd_theme (>=1.3.0)"]
test = ["dateparser (==1.*)", "pre-commit", "pytest", "pytest-cov", "pytest-mock", "pytz (==2025.2)", "simplejson (==3.*)"]

[[package]]
name = "attrs"
version = "25.4.0"
description = "Classes Without Boilerplate"
optional = false
python-versions = ">=3.9"
files = [
    {file = "attrs-25.4.0-py3-none-any.whl", hash = "sha256:adcf7e2a1fb3b36ac48d97835bb6d8ade15b8dcce26aba8bf1d14847b57a3373"},
    {file = "attrs-25.4.0.tar.gz", hash = "sha256:16d5969b87f0859ef33a48b35d55ac1be6e42ae49d5e853b597db70c35c57e11"},
]

[[package]]
name = "ics"
version = "0.7.2"
description = "Python icalendar (rfc5545) parser"
optional = false
python-versions = "*"
files = [
    {file = "ics-0.7.2-py2.py3-none-any.whl", hash = "sha256:5fcf4d29ec6e7dfcb84120abd617bbba632eb77b097722b7df70e48dbcf26103"},
    {file = "ics-0.7.2.tar.gz", hash = "sha256:6743539bca10391635249b87d74fcd1094af20b82098bebf7c7521df91209f05"},
]

[package.dependencies]
arrow = ">=0.11"
attrs = ">=19.1.0"
python-dateutil = "*"
six = ">1.5"
tatsu = ">4.2"

[[package]]
name = "python-dateutil"
version = "2.9.0.post0"
description = "Extensions to the standard Python datetime module"
optional = false
python-versions = "!=3.0.*,!=3.1.*,!=3.2.*,>=2.7"
files = [
    {file = "python-dateutil-2.9.0.post0.tar.gz", hash = "sha256:37dd54208da7e1cd875388217d5e00ebd4179249f90fb72437e91a35459a0ad3"},
    {file = "python_dateutil-2.9.0.post0-py2.py3-none-any.whl", hash = "sha256:a8b2bc7bffae282281c8140a97d3aa9c14da0b136dfe83f850eea9a5f7470427"},
]

[package.dependencies]
six = ">=1.5"

[[package]]
name = "pytz"
version = "2025.2"
description = "World timezone definitions, modern and historical"
optional = false
python-versions = "*"
files = [
    {file = "pytz-2025.2-py2.py3-none-any.whl", hash = "sha256:5ddf76296dd8c44c26eb8f4b6f35488f3ccbf6fbbd7adee0b7262d43f0ec2f00"},
    {file = "pytz-2025.2.tar.gz", hash = "sha256:360b9e3dbb49a209c21ad61809c7fb453643e048b38924c765813546746e81c3"},
]

[[package]]
name = "six"
version = "1.17.0"
description = "Python 2 and 3 compatibility utilities"
optional = false
python-versions = "!=3.0.*,!=3.1.*,!=3.2.*,>=2.7"
files = [
    {file = "six-1.17.0-py2.py3-none-any.whl", hash = "sha256:4721f391ed90541fddacab5acf947aa0d3dc7d27b2e1e8eda2be8970586c3274"},
    {file = "six-1.17.0.tar.gz", hash = "sha256:ff70335d468e7eb6ec65b95b99d3a2836546063f63acc5171de367e834932a81"},
]

[[package]]
name = "tatsu"
version = "5.14.0"
description = "TatSu takes a grammar in a variation of EBNF as input, and outputs a memoizing PEG/Packrat parser in Python."
optional = false
python-versions = ">=3.10"
files = [
    {file = "tatsu-5.14.0-py3-none-any.whl", hash = "sha256:8d3d6f259b22b033f111f786cbc963cef96c53dcad102bd96db9d8f7c6502e55"},
    {file = "tatsu-5.14.0.tar.gz", hash = "sha256:dac8a83411c48d61e2cb2b9ff718aff6dd65981d91217974adfb815ee01b16c6"},
]

[package.extras]
colorization = ["colorama"]
parproc = ["rich"]

[[package]]
name = "tzdata"
version = "2025.3"
description = "Provider of IANA time zone data"
optional = false
python-versions = ">=2"
files = [
    {file = "tzdata-2025.3-py2.py3-none-any.whl", hash = "sha256:06a47e5700f3081aab02b2e513160914ff0694bce9947d6b76ebd6bf57cfc5d1"},
    {file = "tzdata-2025.3.tar.gz", hash = "sha256:de39c2ca5dc7b0344f2eba86f49d614019d29f060fc4ebc8a417896a620b56a7"},
]

[metadata]
lock-version = "2.0"
python-versions = "^3.12"
content-hash = "6500e38b15c7d22a3303695578640f1990a9140de0c279c21f27ab12fec1107a"
